
Microsoft Visual Studio Solution File, Format Version 12.00
# Visual Studio Version 17
VisualStudioVersion = 17.9.34728.123
MinimumVisualStudioVersion = 10.0.40219.1
Project("{9A19103F-16F7-4668-BE54-9A1E7A4F7556}") = "WebApi", "WebApi\WebApi.csproj", "{B2696051-9422-44B7-87BE-16B554771164}"
EndProject
Project("{9A19103F-16F7-4668-BE54-9A1E7A4F7556}") = "Core", "Core\Core.csproj", "{ECA22FF6-601F-40ED-8544-D0E2E59F7267}"
EndProject
Project("{9A19103F-16F7-4668-BE54-9A1E7A4F7556}") = "Infrastructure", "Infrastructure\Infrastructure.csproj", "{7E4A90B5-DAFE-47DE-ABD5-A0176F3FF6A5}"
EndProject
Project("{9A19103F-16F7-4668-BE54-9A1E7A4F7556}") = "Domain", "Domain\Domain.csproj", "{7BE9034E-126B-4D78-AEF6-B6D4E461C0D7}"
EndProject
Project("{9A19103F-16F7-4668-BE54-9A1E7A4F7556}") = "Application", "Application\Application.csproj", "{EDC4D6EF-709E-4219-A420-01DBB9C44A95}"
EndProject
Project("{9A19103F-16F7-4668-BE54-9A1E7A4F7556}") = "IoC", "IoC\IoC.csproj", "{87EB1152-40A0-4F8B-B319-AFD1BC769A6E}"
EndProject
Project("{2150E333-8FDC-42A3-9474-1A3956D46DE8}") = "Tests", "Tests", "{A46EB392-FA43-48E6-8DF4-4A3C501C22BA}"
EndProject
Project("{9A19103F-16F7-4668-BE54-9A1E7A4F7556}") = "Application.Tests", "Application.Tests\Application.Tests.csproj", "{C83616A2-E274-4662-B710-601A4762B809}"
EndProject
Project("{9A19103F-16F7-4668-BE54-9A1E7A4F7556}") = "Domain.Tests", "Domain.Tests\Domain.Tests.csproj", "{56784580-76EA-48A7-B2C1-92B05AA2FB7E}"
EndProject
Project("{9A19103F-16F7-4668-BE54-9A1E7A4F7556}") = "WebApi.Tests", "WebApi.Tests\WebApi.Tests.csproj", "{43EE31ED-8DBC-41AC-A43B-631AF756FE66}"
EndProject
Project("{9A19103F-16F7-4668-BE54-9A1E7A4F7556}") = "Shared.Tests", "Shared.Tests\Shared.Tests.csproj", "{1C26E0CF-EC15-46B0-9E7B-A3902C5B6B16}"
EndProject
Project("{E53339B2-1760-4266-BCC7-CA923CBCF16C}") = "docker-compose", "docker-compose.dcproj", "{09F065D8-B003-4D03-B971-6D2AA1F4BD52}"
EndProject
Global
	GlobalSection(SolutionConfigurationPlatforms) = preSolution
		Debug|Any CPU = Debug|Any CPU
		Release|Any CPU = Release|Any CPU
	EndGlobalSection
	GlobalSection(ProjectConfigurationPlatforms) = postSolution
		{B2696051-9422-44B7-87BE-16B554771164}.Debug|Any CPU.ActiveCfg = Debug|Any CPU
		{B2696051-9422-44B7-87BE-16B554771164}.Debug|Any CPU.Build.0 = Debug|Any CPU
		{B2696051-9422-44B7-87BE-16B554771164}.Release|Any CPU.ActiveCfg = Release|Any CPU
		{B2696051-9422-44B7-87BE-16B554771164}.Release|Any CPU.Build.0 = Release|Any CPU
		{ECA22FF6-601F-40ED-8544-D0E2E59F7267}.Debug|Any CPU.ActiveCfg = Debug|Any CPU
		{ECA22FF6-601F-40ED-8544-D0E2E59F7267}.Debug|Any CPU.Build.0 = Debug|Any CPU
		{ECA22FF6-601F-40ED-8544-D0E2E59F7267}.Release|Any CPU.ActiveCfg = Release|Any CPU
		{ECA22FF6-601F-40ED-8544-D0E2E59F7267}.Release|Any CPU.Build.0 = Release|Any CPU
		{7E4A90B5-DAFE-47DE-ABD5-A0176F3FF6A5}.Debug|Any CPU.ActiveCfg = Debug|Any CPU
		{7E4A90B5-DAFE-47DE-ABD5-A0176F3FF6A5}.Debug|Any CPU.Build.0 = Debug|Any CPU
		{7E4A90B5-DAFE-47DE-ABD5-A0176F3FF6A5}.Release|Any CPU.ActiveCfg = Release|Any CPU
		{7E4A90B5-DAFE-47DE-ABD5-A0176F3FF6A5}.Release|Any CPU.Build.0 = Release|Any CPU
		{7BE9034E-126B-4D78-AEF6-B6D4E461C0D7}.Debug|Any CPU.ActiveCfg = Debug|Any CPU
		{7BE9034E-126B-4D78-AEF6-B6D4E461C0D7}.Debug|Any CPU.Build.0 = Debug|Any CPU
		{7BE9034E-126B-4D78-AEF6-B6D4E461C0D7}.Release|Any CPU.ActiveCfg = Release|Any CPU
		{7BE9034E-126B-4D78-AEF6-B6D4E461C0D7}.Release|Any CPU.Build.0 = Release|Any CPU
		{EDC4D6EF-709E-4219-A420-01DBB9C44A95}.Debug|Any CPU.ActiveCfg = Debug|Any CPU
		{EDC4D6EF-709E-4219-A420-01DBB9C44A95}.Debug|Any CPU.Build.0 = Debug|Any CPU
		{EDC4D6EF-709E-4219-A420-01DBB9C44A95}.Release|Any CPU.ActiveCfg = Release|Any CPU
		{EDC4D6EF-709E-4219-A420-01DBB9C44A95}.Release|Any CPU.Build.0 = Release|Any CPU
		{87EB1152-40A0-4F8B-B319-AFD1BC769A6E}.Debug|Any CPU.ActiveCfg = Debug|Any CPU
		{87EB1152-40A0-4F8B-B319-AFD1BC769A6E}.Debug|Any CPU.Build.0 = Debug|Any CPU
		{87EB1152-40A0-4F8B-B319-AFD1BC769A6E}.Release|Any CPU.ActiveCfg = Release|Any CPU
		{87EB1152-40A0-4F8B-B319-AFD1BC769A6E}.Release|Any CPU.Build.0 = Release|Any CPU
		{C83616A2-E274-4662-B710-601A4762B809}.Debug|Any CPU.ActiveCfg = Debug|Any CPU
		{C83616A2-E274-4662-B710-601A4762B809}.Debug|Any CPU.Build.0 = Debug|Any CPU
		{C83616A2-E274-4662-B710-601A4762B809}.Release|Any CPU.ActiveCfg = Release|Any CPU
		{C83616A2-E274-4662-B710-601A4762B809}.Release|Any CPU.Build.0 = Release|Any CPU
		{56784580-76EA-48A7-B2C1-92B05AA2FB7E}.Debug|Any CPU.ActiveCfg = Debug|Any CPU
		{56784580-76EA-48A7-B2C1-92B05AA2FB7E}.Debug|Any CPU.Build.0 = Debug|Any CPU
		{56784580-76EA-48A7-B2C1-92B05AA2FB7E}.Release|Any CPU.ActiveCfg = Release|Any CPU
		{56784580-76EA-48A7-B2C1-92B05AA2FB7E}.Release|Any CPU.Build.0 = Release|Any CPU
		{43EE31ED-8DBC-41AC-A43B-631AF756FE66}.Debug|Any CPU.ActiveCfg = Debug|Any CPU
		{43EE31ED-8DBC-41AC-A43B-631AF756FE66}.Debug|Any CPU.Build.0 = Debug|Any CPU
		{43EE31ED-8DBC-41AC-A43B-631AF756FE66}.Release|Any CPU.ActiveCfg = Release|Any CPU
		{43EE31ED-8DBC-41AC-A43B-631AF756FE66}.Release|Any CPU.Build.0 = Release|Any CPU
		{1C26E0CF-EC15-46B0-9E7B-A3902C5B6B16}.Debug|Any CPU.ActiveCfg = Debug|Any CPU
		{1C26E0CF-EC15-46B0-9E7B-A3902C5B6B16}.Debug|Any CPU.Build.0 = Debug|Any CPU
		{1C26E0CF-EC15-46B0-9E7B-A3902C5B6B16}.Release|Any CPU.ActiveCfg = Release|Any CPU
		{1C26E0CF-EC15-46B0-9E7B-A3902C5B6B16}.Release|Any CPU.Build.0 = Release|Any CPU
		{09F065D8-B003-4D03-B971-6D2AA1F4BD52}.Debug|Any CPU.ActiveCfg = Debug|Any CPU
		{09F065D8-B003-4D03-B971-6D2AA1F4BD52}.Debug|Any CPU.Build.0 = Debug|Any CPU
		{09F065D8-B003-4D03-B971-6D2AA1F4BD52}.Release|Any CPU.ActiveCfg = Release|Any CPU
		{09F065D8-B003-4D03-B971-6D2AA1F4BD52}.Release|Any CPU.Build.0 = Release|Any CPU
	EndGlobalSection
	GlobalSection(SolutionProperties) = preSolution
		HideSolutionNode = FALSE
	EndGlobalSection
	GlobalSection(NestedProjects) = preSolution
		{C83616A2-E274-4662-B710-601A4762B809} = {A46EB392-FA43-48E6-8DF4-4A3C501C22BA}
		{56784580-76EA-48A7-B2C1-92B05AA2FB7E} = {A46EB392-FA43-48E6-8DF4-4A3C501C22BA}
		{43EE31ED-8DBC-41AC-A43B-631AF756FE66} = {A46EB392-FA43-48E6-8DF4-4A3C501C22BA}
		{1C26E0CF-EC15-46B0-9E7B-A3902C5B6B16} = {A46EB392-FA43-48E6-8DF4-4A3C501C22BA}
	EndGlobalSection
	GlobalSection(ExtensibilityGlobals) = postSolution
		SolutionGuid = {7E6F2D71-9048-438B-9284-EB821A347BBC}
	EndGlobalSection
EndGlobal
