
Microsoft Visual Studio Solution File, Format Version 12.00
# Visual Studio Version 17
VisualStudioVersion = 17.9.34728.123
MinimumVisualStudioVersion = 10.0.40219.1
Project("{9A19103F-16F7-4668-BE54-9A1E7A4F7556}") = "WebApi", "WebApi\WebApi.csproj", "{B2696051-9422-44B7-87BE-16B554771164}"
EndProject
Project("{9A19103F-16F7-4668-BE54-9A1E7A4F7556}") = "Core", "Core\Core.csproj", "{ECA22FF6-601F-40ED-8544-D0E2E59F7267}"
EndProject
Project("{9A19103F-16F7-4668-BE54-9A1E7A4F7556}") = "Domain", "Domain\Domain.csproj", "{7BE9034E-126B-4D78-AEF6-B6D4E461C0D7}"
EndProject
Project("{9A19103F-16F7-4668-BE54-9A1E7A4F7556}") = "Application", "Application\Application.csproj", "{EDC4D6EF-709E-4219-A420-01DBB9C44A95}"
EndProject
Project("{9A19103F-16F7-4668-BE54-9A1E7A4F7556}") = "IoC", "IoC\IoC.csproj", "{87EB1152-40A0-4F8B-B319-AFD1BC769A6E}"
EndProject
Project("{2150E333-8FDC-42A3-9474-1A3956D46DE8}") = "Tests", "Tests", "{A46EB392-FA43-48E6-8DF4-4A3C501C22BA}"
EndProject
Project("{9A19103F-16F7-4668-BE54-9A1E7A4F7556}") = "Application.Tests", "Application.Tests\Application.Tests.csproj", "{C83616A2-E274-4662-B710-601A4762B809}"
EndProject
Project("{9A19103F-16F7-4668-BE54-9A1E7A4F7556}") = "Domain.Tests", "Domain.Tests\Domain.Tests.csproj", "{56784580-76EA-48A7-B2C1-92B05AA2FB7E}"
EndProject
Project("{9A19103F-16F7-4668-BE54-9A1E7A4F7556}") = "WebApi.Tests", "WebApi.Tests\WebApi.Tests.csproj", "{43EE31ED-8DBC-41AC-A43B-631AF756FE66}"
EndProject
Project("{9A19103F-16F7-4668-BE54-9A1E7A4F7556}") = "Shared.Tests", "Shared.Tests\Shared.Tests.csproj", "{1C26E0CF-EC15-46B0-9E7B-A3902C5B6B16}"
EndProject
Project("{E53339B2-1760-4266-BCC7-CA923CBCF16C}") = "docker-compose", "docker-compose.dcproj", "{820E18B6-0EE1-469B-A7B7-AC8CC893DC41}"
EndProject
Project("{9A19103F-16F7-4668-BE54-9A1E7A4F7556}") = "Shared", "Shared\Shared.csproj", "{ED268C72-34D9-4A4A-ADC1-5A3F2AD17982}"
EndProject
Project("{9A19103F-16F7-4668-BE54-9A1E7A4F7556}") = "Service.ContatoCreateQueueConsumer", "Service.ContatoCreateQueueConsumer\Service.ContatoCreateQueueConsumer.csproj", "{25BB223E-5915-4930-BEAE-EA108E9E9D55}"
EndProject
Project("{9A19103F-16F7-4668-BE54-9A1E7A4F7556}") = "Infra.QueuePublisher", "Infra.QueuePublisher\Infra.QueuePublisher.csproj", "{34823118-CF95-4027-BED6-452012C1987C}"
EndProject
Project("{9A19103F-16F7-4668-BE54-9A1E7A4F7556}") = "Infra.Data", "Infra.Data\Infra.Data.csproj", "{7CCA80F3-4E24-4652-BC37-632DF1D1C17A}"
EndProject
Project("{9A19103F-16F7-4668-BE54-9A1E7A4F7556}") = "Service.ContatoUpdateQueueConsumer", "Service.ContatoUpdateQueueConsumer\Service.ContatoUpdateQueueConsumer.csproj", "{3DC47A33-7512-4507-B797-E104115069BD}"
EndProject
Project("{9A19103F-16F7-4668-BE54-9A1E7A4F7556}") = "Service.ContatoDeleteQueueConsumer", "Service.ContatoDeleteQueueConsumer\Service.ContatoDeleteQueueConsumer.csproj", "{C55FF71B-C441-4C1C-95B6-69BC1598150E}"
EndProject
Project("{2150E333-8FDC-42A3-9474-1A3956D46DE8}") = "Solution Items", "Solution Items", "{3A0177B7-D5EB-44B8-A498-D804E70D770B}"
EndProject
Project("{2150E333-8FDC-42A3-9474-1A3956D46DE8}") = "k8s", "k8s", "{C79CAF63-11F6-4A0A-82C8-78B126C2CA96}"
	ProjectSection(SolutionItems) = preProject
		grafana-deployment.yaml = grafana-deployment.yaml
		k8s\rabbitmq-deployment.yaml = k8s\rabbitmq-deployment.yaml
		prometheus-deployment.yaml = prometheus-deployment.yaml
		k8s\webapi-deployment.yaml = k8s\webapi-deployment.yaml
		k8s\sqlserver-deployment.yaml = k8s\sqlserver-deployment.yaml
		k8s\sqlserver-persistent-volume.yaml = k8s\sqlserver-persistent-volume.yaml
		worker-contato-create-queue-consumer-deployment.yaml = worker-contato-create-queue-consumer-deployment.yaml
	EndProjectSection
EndProject
Global
	GlobalSection(SolutionConfigurationPlatforms) = preSolution
		Debug|Any CPU = Debug|Any CPU
		Release|Any CPU = Release|Any CPU
	EndGlobalSection
	GlobalSection(ProjectConfigurationPlatforms) = postSolution
		{B2696051-9422-44B7-87BE-16B554771164}.Debug|Any CPU.ActiveCfg = Debug|Any CPU
		{B2696051-9422-44B7-87BE-16B554771164}.Debug|Any CPU.Build.0 = Debug|Any CPU
		{B2696051-9422-44B7-87BE-16B554771164}.Release|Any CPU.ActiveCfg = Release|Any CPU
		{B2696051-9422-44B7-87BE-16B554771164}.Release|Any CPU.Build.0 = Release|Any CPU
		{ECA22FF6-601F-40ED-8544-D0E2E59F7267}.Debug|Any CPU.ActiveCfg = Debug|Any CPU
		{ECA22FF6-601F-40ED-8544-D0E2E59F7267}.Debug|Any CPU.Build.0 = Debug|Any CPU
		{ECA22FF6-601F-40ED-8544-D0E2E59F7267}.Release|Any CPU.ActiveCfg = Release|Any CPU
		{ECA22FF6-601F-40ED-8544-D0E2E59F7267}.Release|Any CPU.Build.0 = Release|Any CPU
		{7BE9034E-126B-4D78-AEF6-B6D4E461C0D7}.Debug|Any CPU.ActiveCfg = Debug|Any CPU
		{7BE9034E-126B-4D78-AEF6-B6D4E461C0D7}.Debug|Any CPU.Build.0 = Debug|Any CPU
		{7BE9034E-126B-4D78-AEF6-B6D4E461C0D7}.Release|Any CPU.ActiveCfg = Release|Any CPU
		{7BE9034E-126B-4D78-AEF6-B6D4E461C0D7}.Release|Any CPU.Build.0 = Release|Any CPU
		{EDC4D6EF-709E-4219-A420-01DBB9C44A95}.Debug|Any CPU.ActiveCfg = Debug|Any CPU
		{EDC4D6EF-709E-4219-A420-01DBB9C44A95}.Debug|Any CPU.Build.0 = Debug|Any CPU
		{EDC4D6EF-709E-4219-A420-01DBB9C44A95}.Release|Any CPU.ActiveCfg = Release|Any CPU
		{EDC4D6EF-709E-4219-A420-01DBB9C44A95}.Release|Any CPU.Build.0 = Release|Any CPU
		{87EB1152-40A0-4F8B-B319-AFD1BC769A6E}.Debug|Any CPU.ActiveCfg = Debug|Any CPU
		{87EB1152-40A0-4F8B-B319-AFD1BC769A6E}.Debug|Any CPU.Build.0 = Debug|Any CPU
		{87EB1152-40A0-4F8B-B319-AFD1BC769A6E}.Release|Any CPU.ActiveCfg = Release|Any CPU
		{87EB1152-40A0-4F8B-B319-AFD1BC769A6E}.Release|Any CPU.Build.0 = Release|Any CPU
		{C83616A2-E274-4662-B710-601A4762B809}.Debug|Any CPU.ActiveCfg = Debug|Any CPU
		{C83616A2-E274-4662-B710-601A4762B809}.Debug|Any CPU.Build.0 = Debug|Any CPU
		{C83616A2-E274-4662-B710-601A4762B809}.Release|Any CPU.ActiveCfg = Release|Any CPU
		{C83616A2-E274-4662-B710-601A4762B809}.Release|Any CPU.Build.0 = Release|Any CPU
		{56784580-76EA-48A7-B2C1-92B05AA2FB7E}.Debug|Any CPU.ActiveCfg = Debug|Any CPU
		{56784580-76EA-48A7-B2C1-92B05AA2FB7E}.Debug|Any CPU.Build.0 = Debug|Any CPU
		{56784580-76EA-48A7-B2C1-92B05AA2FB7E}.Release|Any CPU.ActiveCfg = Release|Any CPU
		{56784580-76EA-48A7-B2C1-92B05AA2FB7E}.Release|Any CPU.Build.0 = Release|Any CPU
		{43EE31ED-8DBC-41AC-A43B-631AF756FE66}.Debug|Any CPU.ActiveCfg = Debug|Any CPU
		{43EE31ED-8DBC-41AC-A43B-631AF756FE66}.Debug|Any CPU.Build.0 = Debug|Any CPU
		{43EE31ED-8DBC-41AC-A43B-631AF756FE66}.Release|Any CPU.ActiveCfg = Release|Any CPU
		{43EE31ED-8DBC-41AC-A43B-631AF756FE66}.Release|Any CPU.Build.0 = Release|Any CPU
		{1C26E0CF-EC15-46B0-9E7B-A3902C5B6B16}.Debug|Any CPU.ActiveCfg = Debug|Any CPU
		{1C26E0CF-EC15-46B0-9E7B-A3902C5B6B16}.Debug|Any CPU.Build.0 = Debug|Any CPU
		{1C26E0CF-EC15-46B0-9E7B-A3902C5B6B16}.Release|Any CPU.ActiveCfg = Release|Any CPU
		{1C26E0CF-EC15-46B0-9E7B-A3902C5B6B16}.Release|Any CPU.Build.0 = Release|Any CPU
		{820E18B6-0EE1-469B-A7B7-AC8CC893DC41}.Debug|Any CPU.ActiveCfg = Debug|Any CPU
		{820E18B6-0EE1-469B-A7B7-AC8CC893DC41}.Debug|Any CPU.Build.0 = Debug|Any CPU
		{820E18B6-0EE1-469B-A7B7-AC8CC893DC41}.Release|Any CPU.ActiveCfg = Release|Any CPU
		{820E18B6-0EE1-469B-A7B7-AC8CC893DC41}.Release|Any CPU.Build.0 = Release|Any CPU
		{ED268C72-34D9-4A4A-ADC1-5A3F2AD17982}.Debug|Any CPU.ActiveCfg = Debug|Any CPU
		{ED268C72-34D9-4A4A-ADC1-5A3F2AD17982}.Debug|Any CPU.Build.0 = Debug|Any CPU
		{ED268C72-34D9-4A4A-ADC1-5A3F2AD17982}.Release|Any CPU.ActiveCfg = Release|Any CPU
		{ED268C72-34D9-4A4A-ADC1-5A3F2AD17982}.Release|Any CPU.Build.0 = Release|Any CPU
		{25BB223E-5915-4930-BEAE-EA108E9E9D55}.Debug|Any CPU.ActiveCfg = Debug|Any CPU
		{25BB223E-5915-4930-BEAE-EA108E9E9D55}.Debug|Any CPU.Build.0 = Debug|Any CPU
		{25BB223E-5915-4930-BEAE-EA108E9E9D55}.Release|Any CPU.ActiveCfg = Release|Any CPU
		{25BB223E-5915-4930-BEAE-EA108E9E9D55}.Release|Any CPU.Build.0 = Release|Any CPU
		{34823118-CF95-4027-BED6-452012C1987C}.Debug|Any CPU.ActiveCfg = Debug|Any CPU
		{34823118-CF95-4027-BED6-452012C1987C}.Debug|Any CPU.Build.0 = Debug|Any CPU
		{34823118-CF95-4027-BED6-452012C1987C}.Release|Any CPU.ActiveCfg = Release|Any CPU
		{34823118-CF95-4027-BED6-452012C1987C}.Release|Any CPU.Build.0 = Release|Any CPU
		{7CCA80F3-4E24-4652-BC37-632DF1D1C17A}.Debug|Any CPU.ActiveCfg = Debug|Any CPU
		{7CCA80F3-4E24-4652-BC37-632DF1D1C17A}.Debug|Any CPU.Build.0 = Debug|Any CPU
		{7CCA80F3-4E24-4652-BC37-632DF1D1C17A}.Release|Any CPU.ActiveCfg = Release|Any CPU
		{7CCA80F3-4E24-4652-BC37-632DF1D1C17A}.Release|Any CPU.Build.0 = Release|Any CPU
		{3DC47A33-7512-4507-B797-E104115069BD}.Debug|Any CPU.ActiveCfg = Debug|Any CPU
		{3DC47A33-7512-4507-B797-E104115069BD}.Debug|Any CPU.Build.0 = Debug|Any CPU
		{3DC47A33-7512-4507-B797-E104115069BD}.Release|Any CPU.ActiveCfg = Release|Any CPU
		{3DC47A33-7512-4507-B797-E104115069BD}.Release|Any CPU.Build.0 = Release|Any CPU
		{C55FF71B-C441-4C1C-95B6-69BC1598150E}.Debug|Any CPU.ActiveCfg = Debug|Any CPU
		{C55FF71B-C441-4C1C-95B6-69BC1598150E}.Debug|Any CPU.Build.0 = Debug|Any CPU
		{C55FF71B-C441-4C1C-95B6-69BC1598150E}.Release|Any CPU.ActiveCfg = Release|Any CPU
		{C55FF71B-C441-4C1C-95B6-69BC1598150E}.Release|Any CPU.Build.0 = Release|Any CPU
	EndGlobalSection
	GlobalSection(SolutionProperties) = preSolution
		HideSolutionNode = FALSE
	EndGlobalSection
	GlobalSection(NestedProjects) = preSolution
		{C83616A2-E274-4662-B710-601A4762B809} = {A46EB392-FA43-48E6-8DF4-4A3C501C22BA}
		{56784580-76EA-48A7-B2C1-92B05AA2FB7E} = {A46EB392-FA43-48E6-8DF4-4A3C501C22BA}
		{43EE31ED-8DBC-41AC-A43B-631AF756FE66} = {A46EB392-FA43-48E6-8DF4-4A3C501C22BA}
		{1C26E0CF-EC15-46B0-9E7B-A3902C5B6B16} = {A46EB392-FA43-48E6-8DF4-4A3C501C22BA}
	EndGlobalSection
	GlobalSection(ExtensibilityGlobals) = postSolution
		SolutionGuid = {7E6F2D71-9048-438B-9284-EB821A347BBC}
	EndGlobalSection
EndGlobal
